// !$*UTF8*$!
{
	archiveVersion = 1;
	classes = {
	};
	objectVersion = 56;
	objects = {

/* Begin PBXBuildFile section */
		53027C902A091F2800A93D8A /* ExpenseTrackerApp.swift in Sources */ = {isa = PBXBuildFile; fileRef = 53027C8F2A091F2800A93D8A /* ExpenseTrackerApp.swift */; };
		53027C922A091F2800A93D8A /* ContentView.swift in Sources */ = {isa = PBXBuildFile; fileRef = 53027C912A091F2800A93D8A /* ContentView.swift */; };
		53027C942A091F2900A93D8A /* Assets.xcassets in Resources */ = {isa = PBXBuildFile; fileRef = 53027C932A091F2900A93D8A /* Assets.xcassets */; };
		53027C972A091F2900A93D8A /* Preview Assets.xcassets in Resources */ = {isa = PBXBuildFile; fileRef = 53027C962A091F2900A93D8A /* Preview Assets.xcassets */; };
		53027CA12A091F2900A93D8A /* ExpenseTrackerTests.swift in Sources */ = {isa = PBXBuildFile; fileRef = 53027CA02A091F2900A93D8A /* ExpenseTrackerTests.swift */; };
		53027CAB2A091F2900A93D8A /* ExpenseTrackerUITests.swift in Sources */ = {isa = PBXBuildFile; fileRef = 53027CAA2A091F2900A93D8A /* ExpenseTrackerUITests.swift */; };
		53027CAD2A091F2900A93D8A /* ExpenseTrackerUITestsLaunchTests.swift in Sources */ = {isa = PBXBuildFile; fileRef = 53027CAC2A091F2900A93D8A /* ExpenseTrackerUITestsLaunchTests.swift */; };
		53027CBA2A09210900A93D8A /* Extensions.swift in Sources */ = {isa = PBXBuildFile; fileRef = 53027CB92A09210900A93D8A /* Extensions.swift */; };
		53027CBC2A0926E500A93D8A /* TransactionModel.swift in Sources */ = {isa = PBXBuildFile; fileRef = 53027CBB2A0926E500A93D8A /* TransactionModel.swift */; };
		53027CBE2A0928F500A93D8A /* PreviewData.swift in Sources */ = {isa = PBXBuildFile; fileRef = 53027CBD2A0928F500A93D8A /* PreviewData.swift */; };
		53027CC02A092AB900A93D8A /* TransactionRow.swift in Sources */ = {isa = PBXBuildFile; fileRef = 53027CBF2A092AB900A93D8A /* TransactionRow.swift */; };
		53027CC32A09604100A93D8A /* SwiftUIFontIcon in Frameworks */ = {isa = PBXBuildFile; productRef = 53027CC22A09604100A93D8A /* SwiftUIFontIcon */; };
		53027CC52A09623200A93D8A /* TransactionListVM.swift in Sources */ = {isa = PBXBuildFile; fileRef = 53027CC42A09623200A93D8A /* TransactionListVM.swift */; };
		53027CC72A0967BE00A93D8A /* RecentTransactionList.swift in Sources */ = {isa = PBXBuildFile; fileRef = 53027CC62A0967BE00A93D8A /* RecentTransactionList.swift */; };
		53CE7DCF2A0ACB8900E08F7B /* TransactionList.swift in Sources */ = {isa = PBXBuildFile; fileRef = 53CE7DCE2A0ACB8900E08F7B /* TransactionList.swift */; };
		53CE7DD22A0B850500E08F7B /* Collections in Frameworks */ = {isa = PBXBuildFile; productRef = 53CE7DD12A0B850500E08F7B /* Collections */; };
/* End PBXBuildFile section */

/* Begin PBXContainerItemProxy section */
		53027C9D2A091F2900A93D8A /* PBXContainerItemProxy */ = {
			isa = PBXContainerItemProxy;
			containerPortal = 53027C842A091F2800A93D8A /* Project object */;
			proxyType = 1;
			remoteGlobalIDString = 53027C8B2A091F2800A93D8A;
			remoteInfo = ExpenseTracker;
		};
		53027CA72A091F2900A93D8A /* PBXContainerItemProxy */ = {
			isa = PBXContainerItemProxy;
			containerPortal = 53027C842A091F2800A93D8A /* Project object */;
			proxyType = 1;
			remoteGlobalIDString = 53027C8B2A091F2800A93D8A;
			remoteInfo = ExpenseTracker;
		};
/* End PBXContainerItemProxy section */

/* Begin PBXFileReference section */
		53027C8C2A091F2800A93D8A /* ExpenseTracker.app */ = {isa = PBXFileReference; explicitFileType = wrapper.application; includeInIndex = 0; path = ExpenseTracker.app; sourceTree = BUILT_PRODUCTS_DIR; };
		53027C8F2A091F2800A93D8A /* ExpenseTrackerApp.swift */ = {isa = PBXFileReference; lastKnownFileType = sourcecode.swift; path = ExpenseTrackerApp.swift; sourceTree = "<group>"; };
		53027C912A091F2800A93D8A /* ContentView.swift */ = {isa = PBXFileReference; lastKnownFileType = sourcecode.swift; path = ContentView.swift; sourceTree = "<group>"; };
		53027C932A091F2900A93D8A /* Assets.xcassets */ = {isa = PBXFileReference; lastKnownFileType = folder.assetcatalog; path = Assets.xcassets; sourceTree = "<group>"; };
		53027C962A091F2900A93D8A /* Preview Assets.xcassets */ = {isa = PBXFileReference; lastKnownFileType = folder.assetcatalog; path = "Preview Assets.xcassets"; sourceTree = "<group>"; };
		53027C9C2A091F2900A93D8A /* ExpenseTrackerTests.xctest */ = {isa = PBXFileReference; explicitFileType = wrapper.cfbundle; includeInIndex = 0; path = ExpenseTrackerTests.xctest; sourceTree = BUILT_PRODUCTS_DIR; };
		53027CA02A091F2900A93D8A /* ExpenseTrackerTests.swift */ = {isa = PBXFileReference; lastKnownFileType = sourcecode.swift; path = ExpenseTrackerTests.swift; sourceTree = "<group>"; };
		53027CA62A091F2900A93D8A /* ExpenseTrackerUITests.xctest */ = {isa = PBXFileReference; explicitFileType = wrapper.cfbundle; includeInIndex = 0; path = ExpenseTrackerUITests.xctest; sourceTree = BUILT_PRODUCTS_DIR; };
		53027CAA2A091F2900A93D8A /* ExpenseTrackerUITests.swift */ = {isa = PBXFileReference; lastKnownFileType = sourcecode.swift; path = ExpenseTrackerUITests.swift; sourceTree = "<group>"; };
		53027CAC2A091F2900A93D8A /* ExpenseTrackerUITestsLaunchTests.swift */ = {isa = PBXFileReference; lastKnownFileType = sourcecode.swift; path = ExpenseTrackerUITestsLaunchTests.swift; sourceTree = "<group>"; };
		53027CB92A09210900A93D8A /* Extensions.swift */ = {isa = PBXFileReference; lastKnownFileType = sourcecode.swift; path = Extensions.swift; sourceTree = "<group>"; };
		53027CBB2A0926E500A93D8A /* TransactionModel.swift */ = {isa = PBXFileReference; lastKnownFileType = sourcecode.swift; path = TransactionModel.swift; sourceTree = "<group>"; };
		53027CBD2A0928F500A93D8A /* PreviewData.swift */ = {isa = PBXFileReference; lastKnownFileType = sourcecode.swift; path = PreviewData.swift; sourceTree = "<group>"; };
		53027CBF2A092AB900A93D8A /* TransactionRow.swift */ = {isa = PBXFileReference; lastKnownFileType = sourcecode.swift; path = TransactionRow.swift; sourceTree = "<group>"; };
		53027CC42A09623200A93D8A /* TransactionListVM.swift */ = {isa = PBXFileReference; lastKnownFileType = sourcecode.swift; path = TransactionListVM.swift; sourceTree = "<group>"; };
		53027CC62A0967BE00A93D8A /* RecentTransactionList.swift */ = {isa = PBXFileReference; lastKnownFileType = sourcecode.swift; path = RecentTransactionList.swift; sourceTree = "<group>"; };
		53CE7DCE2A0ACB8900E08F7B /* TransactionList.swift */ = {isa = PBXFileReference; lastKnownFileType = sourcecode.swift; path = TransactionList.swift; sourceTree = "<group>"; };
/* End PBXFileReference section */

/* Begin PBXFrameworksBuildPhase section */
		53027C892A091F2800A93D8A /* Frameworks */ = {
			isa = PBXFrameworksBuildPhase;
			buildActionMask = 2147483647;
			files = (
				53CE7DD22A0B850500E08F7B /* Collections in Frameworks */,
				53027CC32A09604100A93D8A /* SwiftUIFontIcon in Frameworks */,
			);
			runOnlyForDeploymentPostprocessing = 0;
		};
		53027C992A091F2900A93D8A /* Frameworks */ = {
			isa = PBXFrameworksBuildPhase;
			buildActionMask = 2147483647;
			files = (
			);
			runOnlyForDeploymentPostprocessing = 0;
		};
		53027CA32A091F2900A93D8A /* Frameworks */ = {
			isa = PBXFrameworksBuildPhase;
			buildActionMask = 2147483647;
			files = (
			);
			runOnlyForDeploymentPostprocessing = 0;
		};
/* End PBXFrameworksBuildPhase section */

/* Begin PBXGroup section */
		53027C832A091F2800A93D8A = {
			isa = PBXGroup;
			children = (
				53027C8E2A091F2800A93D8A /* ExpenseTracker */,
				53027C9F2A091F2900A93D8A /* ExpenseTrackerTests */,
				53027CA92A091F2900A93D8A /* ExpenseTrackerUITests */,
				53027C8D2A091F2800A93D8A /* Products */,
			);
			sourceTree = "<group>";
		};
		53027C8D2A091F2800A93D8A /* Products */ = {
			isa = PBXGroup;
			children = (
				53027C8C2A091F2800A93D8A /* ExpenseTracker.app */,
				53027C9C2A091F2900A93D8A /* ExpenseTrackerTests.xctest */,
				53027CA62A091F2900A93D8A /* ExpenseTrackerUITests.xctest */,
			);
			name = Products;
			sourceTree = "<group>";
		};
		53027C8E2A091F2800A93D8A /* ExpenseTracker */ = {
			isa = PBXGroup;
			children = (
				53027C8F2A091F2800A93D8A /* ExpenseTrackerApp.swift */,
				53027C912A091F2800A93D8A /* ContentView.swift */,
				53027CC62A0967BE00A93D8A /* RecentTransactionList.swift */,
				53CE7DCE2A0ACB8900E08F7B /* TransactionList.swift */,
				53027CBF2A092AB900A93D8A /* TransactionRow.swift */,
				53027CC42A09623200A93D8A /* TransactionListVM.swift */,
				53027CBB2A0926E500A93D8A /* TransactionModel.swift */,
				53027CB92A09210900A93D8A /* Extensions.swift */,
				53027C932A091F2900A93D8A /* Assets.xcassets */,
				53027C952A091F2900A93D8A /* Preview Content */,
			);
			path = ExpenseTracker;
			sourceTree = "<group>";
		};
		53027C952A091F2900A93D8A /* Preview Content */ = {
			isa = PBXGroup;
			children = (
				53027C962A091F2900A93D8A /* Preview Assets.xcassets */,
				53027CBD2A0928F500A93D8A /* PreviewData.swift */,
			);
			path = "Preview Content";
			sourceTree = "<group>";
		};
		53027C9F2A091F2900A93D8A /* ExpenseTrackerTests */ = {
			isa = PBXGroup;
			children = (
				53027CA02A091F2900A93D8A /* ExpenseTrackerTests.swift */,
			);
			path = ExpenseTrackerTests;
			sourceTree = "<group>";
		};
		53027CA92A091F2900A93D8A /* ExpenseTrackerUITests */ = {
			isa = PBXGroup;
			children = (
				53027CAA2A091F2900A93D8A /* ExpenseTrackerUITests.swift */,
				53027CAC2A091F2900A93D8A /* ExpenseTrackerUITestsLaunchTests.swift */,
			);
			path = ExpenseTrackerUITests;
			sourceTree = "<group>";
		};
/* End PBXGroup section */

/* Begin PBXNativeTarget section */
		53027C8B2A091F2800A93D8A /* ExpenseTracker */ = {
			isa = PBXNativeTarget;
			buildConfigurationList = 53027CB02A091F2900A93D8A /* Build configuration list for PBXNativeTarget "ExpenseTracker" */;
			buildPhases = (
				53027C882A091F2800A93D8A /* Sources */,
				53027C892A091F2800A93D8A /* Frameworks */,
				53027C8A2A091F2800A93D8A /* Resources */,
			);
			buildRules = (
			);
			dependencies = (
			);
			name = ExpenseTracker;
			packageProductDependencies = (
				53027CC22A09604100A93D8A /* SwiftUIFontIcon */,
				53CE7DD12A0B850500E08F7B /* Collections */,
			);
			productName = ExpenseTracker;
			productReference = 53027C8C2A091F2800A93D8A /* ExpenseTracker.app */;
			productType = "com.apple.product-type.application";
		};
		53027C9B2A091F2900A93D8A /* ExpenseTrackerTests */ = {
			isa = PBXNativeTarget;
			buildConfigurationList = 53027CB32A091F2900A93D8A /* Build configuration list for PBXNativeTarget "ExpenseTrackerTests" */;
			buildPhases = (
				53027C982A091F2900A93D8A /* Sources */,
				53027C992A091F2900A93D8A /* Frameworks */,
				53027C9A2A091F2900A93D8A /* Resources */,
			);
			buildRules = (
			);
			dependencies = (
				53027C9E2A091F2900A93D8A /* PBXTargetDependency */,
			);
			name = ExpenseTrackerTests;
			productName = ExpenseTrackerTests;
			productReference = 53027C9C2A091F2900A93D8A /* ExpenseTrackerTests.xctest */;
			productType = "com.apple.product-type.bundle.unit-test";
		};
		53027CA52A091F2900A93D8A /* ExpenseTrackerUITests */ = {
			isa = PBXNativeTarget;
			buildConfigurationList = 53027CB62A091F2900A93D8A /* Build configuration list for PBXNativeTarget "ExpenseTrackerUITests" */;
			buildPhases = (
				53027CA22A091F2900A93D8A /* Sources */,
				53027CA32A091F2900A93D8A /* Frameworks */,
				53027CA42A091F2900A93D8A /* Resources */,
			);
			buildRules = (
			);
			dependencies = (
				53027CA82A091F2900A93D8A /* PBXTargetDependency */,
			);
			name = ExpenseTrackerUITests;
			productName = ExpenseTrackerUITests;
			productReference = 53027CA62A091F2900A93D8A /* ExpenseTrackerUITests.xctest */;
			productType = "com.apple.product-type.bundle.ui-testing";
		};
/* End PBXNativeTarget section */

/* Begin PBXProject section */
		53027C842A091F2800A93D8A /* Project object */ = {
			isa = PBXProject;
			attributes = {
				BuildIndependentTargetsInParallel = 1;
				LastSwiftUpdateCheck = 1430;
				LastUpgradeCheck = 1430;
				TargetAttributes = {
					53027C8B2A091F2800A93D8A = {
						CreatedOnToolsVersion = 14.3;
					};
					53027C9B2A091F2900A93D8A = {
						CreatedOnToolsVersion = 14.3;
						TestTargetID = 53027C8B2A091F2800A93D8A;
					};
					53027CA52A091F2900A93D8A = {
						CreatedOnToolsVersion = 14.3;
						TestTargetID = 53027C8B2A091F2800A93D8A;
					};
				};
			};
			buildConfigurationList = 53027C872A091F2800A93D8A /* Build configuration list for PBXProject "ExpenseTracker" */;
			compatibilityVersion = "Xcode 14.0";
			developmentRegion = en;
			hasScannedForEncodings = 0;
			knownRegions = (
				en,
				Base,
			);
			mainGroup = 53027C832A091F2800A93D8A;
			packageReferences = (
				53027CC12A09604100A93D8A /* XCRemoteSwiftPackageReference "SwiftUIFontIcon" */,
				53CE7DD02A0B850500E08F7B /* XCRemoteSwiftPackageReference "swift-collections" */,
			);
			productRefGroup = 53027C8D2A091F2800A93D8A /* Products */;
			projectDirPath = "";
			projectRoot = "";
			targets = (
				53027C8B2A091F2800A93D8A /* ExpenseTracker */,
				53027C9B2A091F2900A93D8A /* ExpenseTrackerTests */,
				53027CA52A091F2900A93D8A /* ExpenseTrackerUITests */,
			);
		};
/* End PBXProject section */

/* Begin PBXResourcesBuildPhase section */
		53027C8A2A091F2800A93D8A /* Resources */ = {
			isa = PBXResourcesBuildPhase;
			buildActionMask = 2147483647;
			files = (
				53027C972A091F2900A93D8A /* Preview Assets.xcassets in Resources */,
				53027C942A091F2900A93D8A /* Assets.xcassets in Resources */,
			);
			runOnlyForDeploymentPostprocessing = 0;
		};
		53027C9A2A091F2900A93D8A /* Resources */ = {
			isa = PBXResourcesBuildPhase;
			buildActionMask = 2147483647;
			files = (
			);
			runOnlyForDeploymentPostprocessing = 0;
		};
		53027CA42A091F2900A93D8A /* Resources */ = {
			isa = PBXResourcesBuildPhase;
			buildActionMask = 2147483647;
			files = (
			);
			runOnlyForDeploymentPostprocessing = 0;
		};
/* End PBXResourcesBuildPhase section */

/* Begin PBXSourcesBuildPhase section */
		53027C882A091F2800A93D8A /* Sources */ = {
			isa = PBXSourcesBuildPhase;
			buildActionMask = 2147483647;
			files = (
				53027CBE2A0928F500A93D8A /* PreviewData.swift in Sources */,
				53CE7DCF2A0ACB8900E08F7B /* TransactionList.swift in Sources */,
				53027CC72A0967BE00A93D8A /* RecentTransactionList.swift in Sources */,
				53027CBC2A0926E500A93D8A /* TransactionModel.swift in Sources */,
				53027C922A091F2800A93D8A /* ContentView.swift in Sources */,
				53027CC02A092AB900A93D8A /* TransactionRow.swift in Sources */,
				53027CBA2A09210900A93D8A /* Extensions.swift in Sources */,
				53027CC52A09623200A93D8A /* TransactionListVM.swift in Sources */,
				53027C902A091F2800A93D8A /* ExpenseTrackerApp.swift in Sources */,
			);
			runOnlyForDeploymentPostprocessing = 0;
		};
		53027C982A091F2900A93D8A /* Sources */ = {
			isa = PBXSourcesBuildPhase;
			buildActionMask = 2147483647;
			files = (
				53027CA12A091F2900A93D8A /* ExpenseTrackerTests.swift in Sources */,
			);
			runOnlyForDeploymentPostprocessing = 0;
		};
		53027CA22A091F2900A93D8A /* Sources */ = {
			isa = PBXSourcesBuildPhase;
			buildActionMask = 2147483647;
			files = (
				53027CAD2A091F2900A93D8A /* ExpenseTrackerUITestsLaunchTests.swift in Sources */,
				53027CAB2A091F2900A93D8A /* ExpenseTrackerUITests.swift in Sources */,
			);
			runOnlyForDeploymentPostprocessing = 0;
		};
/* End PBXSourcesBuildPhase section */

/* Begin PBXTargetDependency section */
		53027C9E2A091F2900A93D8A /* PBXTargetDependency */ = {
			isa = PBXTargetDependency;
			target = 53027C8B2A091F2800A93D8A /* ExpenseTracker */;
			targetProxy = 53027C9D2A091F2900A93D8A /* PBXContainerItemProxy */;
		};
		53027CA82A091F2900A93D8A /* PBXTargetDependency */ = {
			isa = PBXTargetDependency;
			target = 53027C8B2A091F2800A93D8A /* ExpenseTracker */;
			targetProxy = 53027CA72A091F2900A93D8A /* PBXContainerItemProxy */;
		};
/* End PBXTargetDependency section */

/* Begin XCBuildConfiguration section */
		53027CAE2A091F2900A93D8A /* Debug */ = {
			isa = XCBuildConfiguration;
			buildSettings = {
				ALWAYS_SEARCH_USER_PATHS = NO;
				CLANG_ANALYZER_NONNULL = YES;
				CLANG_ANALYZER_NUMBER_OBJECT_CONVERSION = YES_AGGRESSIVE;
				CLANG_CXX_LANGUAGE_STANDARD = "gnu++20";
				CLANG_ENABLE_MODULES = YES;
				CLANG_ENABLE_OBJC_ARC = YES;
				CLANG_ENABLE_OBJC_WEAK = YES;
				CLANG_WARN_BLOCK_CAPTURE_AUTORELEASING = YES;
				CLANG_WARN_BOOL_CONVERSION = YES;
				CLANG_WARN_COMMA = YES;
				CLANG_WARN_CONSTANT_CONVERSION = YES;
				CLANG_WARN_DEPRECATED_OBJC_IMPLEMENTATIONS = YES;
				CLANG_WARN_DIRECT_OBJC_ISA_USAGE = YES_ERROR;
				CLANG_WARN_DOCUMENTATION_COMMENTS = YES;
				CLANG_WARN_EMPTY_BODY = YES;
				CLANG_WARN_ENUM_CONVERSION = YES;
				CLANG_WARN_INFINITE_RECURSION = YES;
				CLANG_WARN_INT_CONVERSION = YES;
				CLANG_WARN_NON_LITERAL_NULL_CONVERSION = YES;
				CLANG_WARN_OBJC_IMPLICIT_RETAIN_SELF = YES;
				CLANG_WARN_OBJC_LITERAL_CONVERSION = YES;
				CLANG_WARN_OBJC_ROOT_CLASS = YES_ERROR;
				CLANG_WARN_QUOTED_INCLUDE_IN_FRAMEWORK_HEADER = YES;
				CLANG_WARN_RANGE_LOOP_ANALYSIS = YES;
				CLANG_WARN_STRICT_PROTOTYPES = YES;
				CLANG_WARN_SUSPICIOUS_MOVE = YES;
				CLANG_WARN_UNGUARDED_AVAILABILITY = YES_AGGRESSIVE;
				CLANG_WARN_UNREACHABLE_CODE = YES;
				CLANG_WARN__DUPLICATE_METHOD_MATCH = YES;
				COPY_PHASE_STRIP = NO;
				DEBUG_INFORMATION_FORMAT = dwarf;
				ENABLE_STRICT_OBJC_MSGSEND = YES;
				ENABLE_TESTABILITY = YES;
				GCC_C_LANGUAGE_STANDARD = gnu11;
				GCC_DYNAMIC_NO_PIC = NO;
				GCC_NO_COMMON_BLOCKS = YES;
				GCC_OPTIMIZATION_LEVEL = 0;
				GCC_PREPROCESSOR_DEFINITIONS = (
					"DEBUG=1",
					"$(inherited)",
				);
				GCC_WARN_64_TO_32_BIT_CONVERSION = YES;
				GCC_WARN_ABOUT_RETURN_TYPE = YES_ERROR;
				GCC_WARN_UNDECLARED_SELECTOR = YES;
				GCC_WARN_UNINITIALIZED_AUTOS = YES_AGGRESSIVE;
				GCC_WARN_UNUSED_FUNCTION = YES;
				GCC_WARN_UNUSED_VARIABLE = YES;
				IPHONEOS_DEPLOYMENT_TARGET = 16.4;
				MTL_ENABLE_DEBUG_INFO = INCLUDE_SOURCE;
				MTL_FAST_MATH = YES;
				ONLY_ACTIVE_ARCH = YES;
				SDKROOT = iphoneos;
				SWIFT_ACTIVE_COMPILATION_CONDITIONS = DEBUG;
				SWIFT_OPTIMIZATION_LEVEL = "-Onone";
			};
			name = Debug;
		};
		53027CAF2A091F2900A93D8A /* Release */ = {
			isa = XCBuildConfiguration;
			buildSettings = {
				ALWAYS_SEARCH_USER_PATHS = NO;
				CLANG_ANALYZER_NONNULL = YES;
				CLANG_ANALYZER_NUMBER_OBJECT_CONVERSION = YES_AGGRESSIVE;
				CLANG_CXX_LANGUAGE_STANDARD = "gnu++20";
				CLANG_ENABLE_MODULES = YES;
				CLANG_ENABLE_OBJC_ARC = YES;
				CLANG_ENABLE_OBJC_WEAK = YES;
				CLANG_WARN_BLOCK_CAPTURE_AUTORELEASING = YES;
				CLANG_WARN_BOOL_CONVERSION = YES;
				CLANG_WARN_COMMA = YES;
				CLANG_WARN_CONSTANT_CONVERSION = YES;
				CLANG_WARN_DEPRECATED_OBJC_IMPLEMENTATIONS = YES;
				CLANG_WARN_DIRECT_OBJC_ISA_USAGE = YES_ERROR;
				CLANG_WARN_DOCUMENTATION_COMMENTS = YES;
				CLANG_WARN_EMPTY_BODY = YES;
				CLANG_WARN_ENUM_CONVERSION = YES;
				CLANG_WARN_INFINITE_RECURSION = YES;
				CLANG_WARN_INT_CONVERSION = YES;
				CLANG_WARN_NON_LITERAL_NULL_CONVERSION = YES;
				CLANG_WARN_OBJC_IMPLICIT_RETAIN_SELF = YES;
				CLANG_WARN_OBJC_LITERAL_CONVERSION = YES;
				CLANG_WARN_OBJC_ROOT_CLASS = YES_ERROR;
				CLANG_WARN_QUOTED_INCLUDE_IN_FRAMEWORK_HEADER = YES;
				CLANG_WARN_RANGE_LOOP_ANALYSIS = YES;
				CLANG_WARN_STRICT_PROTOTYPES = YES;
				CLANG_WARN_SUSPICIOUS_MOVE = YES;
				CLANG_WARN_UNGUARDED_AVAILABILITY = YES_AGGRESSIVE;
				CLANG_WARN_UNREACHABLE_CODE = YES;
				CLANG_WARN__DUPLICATE_METHOD_MATCH = YES;
				COPY_PHASE_STRIP = NO;
				DEBUG_INFORMATION_FORMAT = "dwarf-with-dsym";
				ENABLE_NS_ASSERTIONS = NO;
				ENABLE_STRICT_OBJC_MSGSEND = YES;
				GCC_C_LANGUAGE_STANDARD = gnu11;
				GCC_NO_COMMON_BLOCKS = YES;
				GCC_WARN_64_TO_32_BIT_CONVERSION = YES;
				GCC_WARN_ABOUT_RETURN_TYPE = YES_ERROR;
				GCC_WARN_UNDECLARED_SELECTOR = YES;
				GCC_WARN_UNINITIALIZED_AUTOS = YES_AGGRESSIVE;
				GCC_WARN_UNUSED_FUNCTION = YES;
				GCC_WARN_UNUSED_VARIABLE = YES;
				IPHONEOS_DEPLOYMENT_TARGET = 16.4;
				MTL_ENABLE_DEBUG_INFO = NO;
				MTL_FAST_MATH = YES;
				SDKROOT = iphoneos;
				SWIFT_COMPILATION_MODE = wholemodule;
				SWIFT_OPTIMIZATION_LEVEL = "-O";
				VALIDATE_PRODUCT = YES;
			};
			name = Release;
		};
		53027CB12A091F2900A93D8A /* Debug */ = {
			isa = XCBuildConfiguration;
			buildSettings = {
				ASSETCATALOG_COMPILER_APPICON_NAME = AppIcon;
				ASSETCATALOG_COMPILER_GLOBAL_ACCENT_COLOR_NAME = AccentColor;
				CODE_SIGN_STYLE = Automatic;
				CURRENT_PROJECT_VERSION = 1;
				DEVELOPMENT_ASSET_PATHS = "\"ExpenseTracker/Preview Content\"";
				DEVELOPMENT_TEAM = UL7NN3WF47;
				ENABLE_PREVIEWS = YES;
				GENERATE_INFOPLIST_FILE = YES;
				INFOPLIST_KEY_UIApplicationSceneManifest_Generation = YES;
				INFOPLIST_KEY_UIApplicationSupportsIndirectInputEvents = YES;
				INFOPLIST_KEY_UILaunchScreen_Generation = YES;
				INFOPLIST_KEY_UISupportedInterfaceOrientations_iPad = "UIInterfaceOrientationPortrait UIInterfaceOrientationPortraitUpsideDown UIInterfaceOrientationLandscapeLeft UIInterfaceOrientationLandscapeRight";
				INFOPLIST_KEY_UISupportedInterfaceOrientations_iPhone = "UIInterfaceOrientationPortrait UIInterfaceOrientationLandscapeLeft UIInterfaceOrientationLandscapeRight";
				LD_RUNPATH_SEARCH_PATHS = (
					"$(inherited)",
					"@executable_path/Frameworks",
				);
				MARKETING_VERSION = 1.0;
				PRODUCT_BUNDLE_IDENTIFIER = whatisthis.ExpenseTracker;
				PRODUCT_NAME = "$(TARGET_NAME)";
				SWIFT_EMIT_LOC_STRINGS = YES;
				SWIFT_VERSION = 5.0;
				TARGETED_DEVICE_FAMILY = "1,2";
			};
			name = Debug;
		};
		53027CB22A091F2900A93D8A /* Release */ = {
			isa = XCBuildConfiguration;
			buildSettings = {
				ASSETCATALOG_COMPILER_APPICON_NAME = AppIcon;
				ASSETCATALOG_COMPILER_GLOBAL_ACCENT_COLOR_NAME = AccentColor;
				CODE_SIGN_STYLE = Automatic;
				CURRENT_PROJECT_VERSION = 1;
				DEVELOPMENT_ASSET_PATHS = "\"ExpenseTracker/Preview Content\"";
				DEVELOPMENT_TEAM = UL7NN3WF47;
				ENABLE_PREVIEWS = YES;
				GENERATE_INFOPLIST_FILE = YES;
				INFOPLIST_KEY_UIApplicationSceneManifest_Generation = YES;
				INFOPLIST_KEY_UIApplicationSupportsIndirectInputEvents = YES;
				INFOPLIST_KEY_UILaunchScreen_Generation = YES;
				INFOPLIST_KEY_UISupportedInterfaceOrientations_iPad = "UIInterfaceOrientationPortrait UIInterfaceOrientationPortraitUpsideDown UIInterfaceOrientationLandscapeLeft UIInterfaceOrientationLandscapeRight";
				INFOPLIST_KEY_UISupportedInterfaceOrientations_iPhone = "UIInterfaceOrientationPortrait UIInterfaceOrientationLandscapeLeft UIInterfaceOrientationLandscapeRight";
				LD_RUNPATH_SEARCH_PATHS = (
					"$(inherited)",
					"@executable_path/Frameworks",
				);
				MARKETING_VERSION = 1.0;
				PRODUCT_BUNDLE_IDENTIFIER = whatisthis.ExpenseTracker;
				PRODUCT_NAME = "$(TARGET_NAME)";
				SWIFT_EMIT_LOC_STRINGS = YES;
				SWIFT_VERSION = 5.0;
				TARGETED_DEVICE_FAMILY = "1,2";
			};
			name = Release;
		};
		53027CB42A091F2900A93D8A /* Debug */ = {
			isa = XCBuildConfiguration;
			buildSettings = {
				ALWAYS_EMBED_SWIFT_STANDARD_LIBRARIES = YES;
				BUNDLE_LOADER = "$(TEST_HOST)";
				CODE_SIGN_STYLE = Automatic;
				CURRENT_PROJECT_VERSION = 1;
				DEVELOPMENT_TEAM = UL7NN3WF47;
				GENERATE_INFOPLIST_FILE = YES;
				IPHONEOS_DEPLOYMENT_TARGET = 16.4;
				MARKETING_VERSION = 1.0;
				PRODUCT_BUNDLE_IDENTIFIER = whatisthis.ExpenseTrackerTests;
				PRODUCT_NAME = "$(TARGET_NAME)";
				SWIFT_EMIT_LOC_STRINGS = NO;
				SWIFT_VERSION = 5.0;
				TARGETED_DEVICE_FAMILY = "1,2";
				TEST_HOST = "$(BUILT_PRODUCTS_DIR)/ExpenseTracker.app/$(BUNDLE_EXECUTABLE_FOLDER_PATH)/ExpenseTracker";
			};
			name = Debug;
		};
		53027CB52A091F2900A93D8A /* Release */ = {
			isa = XCBuildConfiguration;
			buildSettings = {
				ALWAYS_EMBED_SWIFT_STANDARD_LIBRARIES = YES;
				BUNDLE_LOADER = "$(TEST_HOST)";
				CODE_SIGN_STYLE = Automatic;
				CURRENT_PROJECT_VERSION = 1;
				DEVELOPMENT_TEAM = UL7NN3WF47;
				GENERATE_INFOPLIST_FILE = YES;
				IPHONEOS_DEPLOYMENT_TARGET = 16.4;
				MARKETING_VERSION = 1.0;
				PRODUCT_BUNDLE_IDENTIFIER = whatisthis.ExpenseTrackerTests;
				PRODUCT_NAME = "$(TARGET_NAME)";
				SWIFT_EMIT_LOC_STRINGS = NO;
				SWIFT_VERSION = 5.0;
				TARGETED_DEVICE_FAMILY = "1,2";
				TEST_HOST = "$(BUILT_PRODUCTS_DIR)/ExpenseTracker.app/$(BUNDLE_EXECUTABLE_FOLDER_PATH)/ExpenseTracker";
			};
			name = Release;
		};
		53027CB72A091F2900A93D8A /* Debug */ = {
			isa = XCBuildConfiguration;
			buildSettings = {
				ALWAYS_EMBED_SWIFT_STANDARD_LIBRARIES = YES;
				CODE_SIGN_STYLE = Automatic;
				CURRENT_PROJECT_VERSION = 1;
				DEVELOPMENT_TEAM = UL7NN3WF47;
				GENERATE_INFOPLIST_FILE = YES;
				MARKETING_VERSION = 1.0;
				PRODUCT_BUNDLE_IDENTIFIER = whatisthis.ExpenseTrackerUITests;
				PRODUCT_NAME = "$(TARGET_NAME)";
				SWIFT_EMIT_LOC_STRINGS = NO;
				SWIFT_VERSION = 5.0;
				TARGETED_DEVICE_FAMILY = "1,2";
				TEST_TARGET_NAME = ExpenseTracker;
			};
			name = Debug;
		};
		53027CB82A091F2900A93D8A /* Release */ = {
			isa = XCBuildConfiguration;
			buildSettings = {
				ALWAYS_EMBED_SWIFT_STANDARD_LIBRARIES = YES;
				CODE_SIGN_STYLE = Automatic;
				CURRENT_PROJECT_VERSION = 1;
				DEVELOPMENT_TEAM = UL7NN3WF47;
				GENERATE_INFOPLIST_FILE = YES;
				MARKETING_VERSION = 1.0;
				PRODUCT_BUNDLE_IDENTIFIER = whatisthis.ExpenseTrackerUITests;
				PRODUCT_NAME = "$(TARGET_NAME)";
				SWIFT_EMIT_LOC_STRINGS = NO;
				SWIFT_VERSION = 5.0;
				TARGETED_DEVICE_FAMILY = "1,2";
				TEST_TARGET_NAME = ExpenseTracker;
			};
			name = Release;
		};
/* End XCBuildConfiguration section */

/* Begin XCConfigurationList section */
		53027C872A091F2800A93D8A /* Build configuration list for PBXProject "ExpenseTracker" */ = {
			isa = XCConfigurationList;
			buildConfigurations = (
				53027CAE2A091F2900A93D8A /* Debug */,
				53027CAF2A091F2900A93D8A /* Release */,
			);
			defaultConfigurationIsVisible = 0;
			defaultConfigurationName = Release;
		};
		53027CB02A091F2900A93D8A /* Build configuration list for PBXNativeTarget "ExpenseTracker" */ = {
			isa = XCConfigurationList;
			buildConfigurations = (
				53027CB12A091F2900A93D8A /* Debug */,
				53027CB22A091F2900A93D8A /* Release */,
			);
			defaultConfigurationIsVisible = 0;
			defaultConfigurationName = Release;
		};
		53027CB32A091F2900A93D8A /* Build configuration list for PBXNativeTarget "ExpenseTrackerTests" */ = {
			isa = XCConfigurationList;
			buildConfigurations = (
				53027CB42A091F2900A93D8A /* Debug */,
				53027CB52A091F2900A93D8A /* Release */,
			);
			defaultConfigurationIsVisible = 0;
			defaultConfigurationName = Release;
		};
		53027CB62A091F2900A93D8A /* Build configuration list for PBXNativeTarget "ExpenseTrackerUITests" */ = {
			isa = XCConfigurationList;
			buildConfigurations = (
				53027CB72A091F2900A93D8A /* Debug */,
				53027CB82A091F2900A93D8A /* Release */,
			);
			defaultConfigurationIsVisible = 0;
			defaultConfigurationName = Release;
		};
/* End XCConfigurationList section */

/* Begin XCRemoteSwiftPackageReference section */
		53027CC12A09604100A93D8A /* XCRemoteSwiftPackageReference "SwiftUIFontIcon" */ = {
			isa = XCRemoteSwiftPackageReference;
			repositoryURL = "https://github.com/huybuidac/SwiftUIFontIcon";
			requirement = {
				branch = master;
				kind = branch;
			};
		};
		53CE7DD02A0B850500E08F7B /* XCRemoteSwiftPackageReference "swift-collections" */ = {
			isa = XCRemoteSwiftPackageReference;
			repositoryURL = "https://github.com/apple/swift-collections.git";
			requirement = {
				kind = upToNextMajorVersion;
				minimumVersion = 1.0.4;
			};
		};
/* End XCRemoteSwiftPackageReference section */

/* Begin XCSwiftPackageProductDependency section */
		53027CC22A09604100A93D8A /* SwiftUIFontIcon */ = {
			isa = XCSwiftPackageProductDependency;
			package = 53027CC12A09604100A93D8A /* XCRemoteSwiftPackageReference "SwiftUIFontIcon" */;
			productName = SwiftUIFontIcon;
		};
		53CE7DD12A0B850500E08F7B /* Collections */ = {
			isa = XCSwiftPackageProductDependency;
			package = 53CE7DD02A0B850500E08F7B /* XCRemoteSwiftPackageReference "swift-collections" */;
			productName = Collections;
		};
/* End XCSwiftPackageProductDependency section */
	};
	rootObject = 53027C842A091F2800A93D8A /* Project object */;
}
